
Microsoft Visual Studio Solution File, Format Version 11.00
# Visual Studio 2010
Project("{8BC9CEB8-8B4A-11D0-8D11-00A0C91BC942}") = "ARPingpong", "ARPingpong\ARPingpong.vcxproj", "{C87C9C13-C47D-4602-B136-454997D072FF}"
EndProject
Project("{8BC9CEB8-8B4A-11D0-8D11-00A0C91BC942}") = "ARRegistrationModule", "ARRegistrationModule\ARRegistrationModule.vcxproj", "{65DBCB6F-2714-413E-AC36-B6A2419B233F}"
EndProject
Project("{8BC9CEB8-8B4A-11D0-8D11-00A0C91BC942}") = "ARTagDetectionModule", "ARTagDetectionModule\ARTagDetectionModule.vcxproj", "{E93E7241-5266-4229-B174-F8BD47C63733}"
EndProject
Project("{8BC9CEB8-8B4A-11D0-8D11-00A0C91BC942}") = "OpenCVHelperLibrary", "OpenCVHelperLibrary\OpenCVHelperLibrary.vcxproj", "{BCC1FDBA-FE11-4E16-A150-2A93BE42DE1E}"
EndProject
Project("{8BC9CEB8-8B4A-11D0-8D11-00A0C91BC942}") = "PositionEstimationModule", "PositionEstimationModule\CameraCalibrationModule.vcxproj", "{40042AD5-DFE0-4297-998E-E1DB220AD238}"
EndProject
Project("{2150E333-8FDC-42A3-9474-1A3956D46DE8}") = "Solution Items", "Solution Items", "{A8D0E4A5-C399-4519-A4A0-6810C1FA6DEB}"
	ProjectSection(SolutionItems) = preProject
		ARPingpong.vsmdi = ARPingpong.vsmdi
		Local.testsettings = Local.testsettings
		TraceAndTestImpact.testsettings = TraceAndTestImpact.testsettings
	EndProjectSection
EndProject
Project("{8BC9CEB8-8B4A-11D0-8D11-00A0C91BC942}") = "OpenCVHelperLibraryTest", "OpenCVHelperLibraryTest\OpenCVHelperLibraryTest.vcxproj", "{297B43F0-A165-4B87-AFD0-9FE9D3AE1EBB}"
EndProject
Global
	GlobalSection(TestCaseManagementSettings) = postSolution
		CategoryFile = ARPingpong.vsmdi
	EndGlobalSection
	GlobalSection(SolutionConfigurationPlatforms) = preSolution
		Debug|Win32 = Debug|Win32
		Release|Win32 = Release|Win32
	EndGlobalSection
	GlobalSection(ProjectConfigurationPlatforms) = postSolution
		{C87C9C13-C47D-4602-B136-454997D072FF}.Debug|Win32.ActiveCfg = Debug|Win32
		{C87C9C13-C47D-4602-B136-454997D072FF}.Debug|Win32.Build.0 = Debug|Win32
		{C87C9C13-C47D-4602-B136-454997D072FF}.Release|Win32.ActiveCfg = Release|Win32
		{C87C9C13-C47D-4602-B136-454997D072FF}.Release|Win32.Build.0 = Release|Win32
		{65DBCB6F-2714-413E-AC36-B6A2419B233F}.Debug|Win32.ActiveCfg = Debug|Win32
		{65DBCB6F-2714-413E-AC36-B6A2419B233F}.Debug|Win32.Build.0 = Debug|Win32
		{65DBCB6F-2714-413E-AC36-B6A2419B233F}.Release|Win32.ActiveCfg = Release|Win32
		{65DBCB6F-2714-413E-AC36-B6A2419B233F}.Release|Win32.Build.0 = Release|Win32
		{E93E7241-5266-4229-B174-F8BD47C63733}.Debug|Win32.ActiveCfg = Debug|Win32
		{E93E7241-5266-4229-B174-F8BD47C63733}.Debug|Win32.Build.0 = Debug|Win32
		{E93E7241-5266-4229-B174-F8BD47C63733}.Release|Win32.ActiveCfg = Release|Win32
		{E93E7241-5266-4229-B174-F8BD47C63733}.Release|Win32.Build.0 = Release|Win32
		{BCC1FDBA-FE11-4E16-A150-2A93BE42DE1E}.Debug|Win32.ActiveCfg = Debug|Win32
		{BCC1FDBA-FE11-4E16-A150-2A93BE42DE1E}.Debug|Win32.Build.0 = Debug|Win32
		{BCC1FDBA-FE11-4E16-A150-2A93BE42DE1E}.Release|Win32.ActiveCfg = Release|Win32
		{BCC1FDBA-FE11-4E16-A150-2A93BE42DE1E}.Release|Win32.Build.0 = Release|Win32
		{40042AD5-DFE0-4297-998E-E1DB220AD238}.Debug|Win32.ActiveCfg = Debug|Win32
		{40042AD5-DFE0-4297-998E-E1DB220AD238}.Debug|Win32.Build.0 = Debug|Win32
		{40042AD5-DFE0-4297-998E-E1DB220AD238}.Release|Win32.ActiveCfg = Release|Win32
		{40042AD5-DFE0-4297-998E-E1DB220AD238}.Release|Win32.Build.0 = Release|Win32
		{297B43F0-A165-4B87-AFD0-9FE9D3AE1EBB}.Debug|Win32.ActiveCfg = Debug|Win32
		{297B43F0-A165-4B87-AFD0-9FE9D3AE1EBB}.Debug|Win32.Build.0 = Debug|Win32
		{297B43F0-A165-4B87-AFD0-9FE9D3AE1EBB}.Release|Win32.ActiveCfg = Release|Win32
		{297B43F0-A165-4B87-AFD0-9FE9D3AE1EBB}.Release|Win32.Build.0 = Release|Win32
	EndGlobalSection
	GlobalSection(SolutionProperties) = preSolution
		HideSolutionNode = FALSE
	EndGlobalSection
EndGlobal
